
Microsoft Visual Studio Solution File, Format Version 12.00
# Visual Studio 2013
VisualStudioVersion = 12.0.31101.0
MinimumVisualStudioVersion = 10.0.40219.1
Project("{FAE04EC0-301F-11D3-BF4B-00C04F79EFBC}") = "ElectronInstaller", "ElectronInstaller\ElectronInstaller.csproj", "{07C90BD6-F73F-44C4-B3F0-2CCEDE07E046}"
EndProject
Global
	GlobalSection(SolutionConfigurationPlatforms) = preSolution
		Debug|Any CPU = Debug|Any CPU
		Release|Any CPU = Release|Any CPU
	EndGlobalSection
	GlobalSection(ProjectConfigurationPlatforms) = postSolution
		{07C90BD6-F73F-44C4-B3F0-2CCEDE07E046}.Debug|Any CPU.ActiveCfg = Debug|Any CPU
		{07C90BD6-F73F-44C4-B3F0-2CCEDE07E046}.Debug|Any CPU.Build.0 = Debug|Any CPU
		{07C90BD6-F73F-44C4-B3F0-2CCEDE07E046}.Release|Any CPU.ActiveCfg = Release|Any CPU
		{07C90BD6-F73F-44C4-B3F0-2CCEDE07E046}.Release|Any CPU.Build.0 = Release|Any CPU
	EndGlobalSection
	GlobalSection(SolutionProperties) = preSolution
		HideSolutionNode = FALSE
	EndGlobalSection
EndGlobal
